
Microsoft Visual Studio Solution File, Format Version 12.00
# Visual Studio 15
VisualStudioVersion = 15.0.27130.2010
MinimumVisualStudioVersion = 10.0.40219.1
Project("{FAE04EC0-301F-11D3-BF4B-00C04F79EFBC}") = "CrimsonSpace.GenericDataRepository", "CrimsonSpace.GenericDataRepository\CrimsonSpace.GenericDataRepository.csproj", "{7FDB2078-1C5F-4F2B-8CA2-AEF32341AAE6}"
EndProject
Global
	GlobalSection(SolutionConfigurationPlatforms) = preSolution
		Debug|Any CPU = Debug|Any CPU
		Release|Any CPU = Release|Any CPU
	EndGlobalSection
	GlobalSection(ProjectConfigurationPlatforms) = postSolution
		{7FDB2078-1C5F-4F2B-8CA2-AEF32341AAE6}.Debug|Any CPU.ActiveCfg = Debug|Any CPU
		{7FDB2078-1C5F-4F2B-8CA2-AEF32341AAE6}.Debug|Any CPU.Build.0 = Debug|Any CPU
		{7FDB2078-1C5F-4F2B-8CA2-AEF32341AAE6}.Release|Any CPU.ActiveCfg = Release|Any CPU
		{7FDB2078-1C5F-4F2B-8CA2-AEF32341AAE6}.Release|Any CPU.Build.0 = Release|Any CPU
	EndGlobalSection
	GlobalSection(SolutionProperties) = preSolution
		HideSolutionNode = FALSE
	EndGlobalSection
	GlobalSection(ExtensibilityGlobals) = postSolution
		SolutionGuid = {5583F69B-67C1-4885-8A28-90BBAACCD135}
	EndGlobalSection
EndGlobal
